{
  "name": "node-statsd",
  "version": "0.0.1",
  "lockfileVersion": 1,
  "requires": true,
  "dependencies": {
    "nan": {
      "version": "2.10.0",
      "resolved": "https://registry.npmjs.org/nan/-/nan-2.10.0.tgz",
      "integrity": "sha512-bAdJv7fBLhWC+/Bls0Oza+mvTaNQtP+1RyhhhvD95pgUJz6XM5IzgmxOkItJ9tkoCiplvAnXI1tNmmUD/eScyA=="
    },
    "os-service": {
      "version": "2.1.3",
      "resolved": "https://registry.npmjs.org/os-service/-/os-service-2.1.3.tgz",
      "integrity": "sha512-db0YVuW6WHh3fokXe2nQ8qBYjm8O20o/3ypT1qUP0+/LhFUI+IepxTS/BwiYxq1LHYyPGlEzHmWphx20LMxYQQ==",
      "requires": {
        "nan": "2.10.x"
      }
    },
    "systeminformation": {
      "version": "3.42.9",
      "resolved": "https://registry.npmjs.org/systeminformation/-/systeminformation-3.42.9.tgz",
      "integrity": "sha512-6xqvGy0f2fmFnWNzKOQ9wTSlrBTgVqZBspNogW0g5CCtXQewuxjvt4v1h9+AALvXOpfYQ7TBJvtxvUq/erAOhQ=="
    }
  }
}
