{
  "name": "node-statsd",
  "version": "0.0.1",
  "lockfileVersion": 1,
  "requires": true,
  "dependencies": {
    "datagram-stream": {
      "version": "1.1.1",
      "resolved": "https://registry.npmjs.org/datagram-stream/-/datagram-stream-1.1.1.tgz",
      "integrity": "sha1-qn2ElZo6GxpeQ9THwDRh9AqP+30="
    },
    "systeminformation": {
      "version": "3.42.9",
      "resolved": "https://registry.npmjs.org/systeminformation/-/systeminformation-3.42.9.tgz",
      "integrity": "sha512-6xqvGy0f2fmFnWNzKOQ9wTSlrBTgVqZBspNogW0g5CCtXQewuxjvt4v1h9+AALvXOpfYQ7TBJvtxvUq/erAOhQ=="
    }
  }
}
